
Microsoft Visual Studio Solution File, Format Version 12.00
# Visual Studio Version 17
VisualStudioVersion = 17.9.34728.123
MinimumVisualStudioVersion = 10.0.40219.1
Project("{FAE04EC0-301F-11D3-BF4B-00C04F79EFBC}") = "Ejemplo1", "Ejemplo1\Ejemplo1.csproj", "{DB0B3289-D12D-4475-A5C9-28E4965AE3F8}"
EndProject
Global
	GlobalSection(SolutionConfigurationPlatforms) = preSolution
		Debug|Any CPU = Debug|Any CPU
		Release|Any CPU = Release|Any CPU
	EndGlobalSection
	GlobalSection(ProjectConfigurationPlatforms) = postSolution
		{DB0B3289-D12D-4475-A5C9-28E4965AE3F8}.Debug|Any CPU.ActiveCfg = Debug|Any CPU
		{DB0B3289-D12D-4475-A5C9-28E4965AE3F8}.Debug|Any CPU.Build.0 = Debug|Any CPU
		{DB0B3289-D12D-4475-A5C9-28E4965AE3F8}.Release|Any CPU.ActiveCfg = Release|Any CPU
		{DB0B3289-D12D-4475-A5C9-28E4965AE3F8}.Release|Any CPU.Build.0 = Release|Any CPU
	EndGlobalSection
	GlobalSection(SolutionProperties) = preSolution
		HideSolutionNode = FALSE
	EndGlobalSection
	GlobalSection(ExtensibilityGlobals) = postSolution
		SolutionGuid = {3745AEF4-026F-4E0F-868A-FDEA26A92C75}
	EndGlobalSection
EndGlobal
